{
    "_readme": [
        "This file locks the dependencies of your project to a known state",
        "Read more about it at https://getcomposer.org/doc/01-basic-usage.md#installing-dependencies",
        "This file is @generated automatically"
    ],
    "content-hash": "33db4e076a2860c3cc6ea9c84ec6ddab",
    "packages": [
        {
            "name": "tlklan/yii-bootstrap",
            "version": "dev-stable",
            "source": {
                "type": "git",
                "url": "https://github.com/tlklan/yii-bootstrap-git.git",
                "reference": "afe9edbf5370810a0d708364bfe711fb8cbf2ccb"
            },
            "type": "library",
            "license": [
                "BSD-3-Clause"
            ],
            "description": "Fork of yii-bootstrap",
            "time": "2019-09-21T06:43:43+00:00"
        },
        {
            "name": "tlklan/yii-cms",
            "version": "dev-master",
            "source": {
                "type": "git",
                "url": "https://github.com/tlklan/yii-cms-git.git",
                "reference": "65023b76aada0e9283aaf28e25f94b788ba927d1"
            },
            "type": "library",
            "autoload": {
                "classmap": [
                    "components",
                    "controllers",
                    "models",
                    "widgets"
                ]
            },
            "license": [
                "BSD-3-Clause"
            ],
            "description": "Fork of nordcms",
            "time": "2018-11-21T21:32:51+00:00"
        },
        {
            "name": "tlklan/yii-img",
            "version": "dev-master",
            "source": {
                "type": "git",
                "url": "https://github.com/tlklan/yii-img-git.git",
                "reference": "0526c75e37985646a63401875f0f111b11149452"
            },
            "type": "library",
            "license": [
                "BSD-3-Clause"
            ],
            "description": "Fork of yii-img",
            "time": "2019-09-21T06:56:48+00:00"
        },
        {
            "name": "tlklan/yii-less",
            "version": "dev-master",
            "source": {
                "type": "git",
                "url": "https://github.com/tlklan/yii-less-git.git",
                "reference": "f427bf18fda87ae8c1a135b62159e87f8f0cf77a"
            },
            "type": "library",
            "license": [
                "BSD-3-Clause"
            ],
            "description": "Fork of yii-less",
            "time": "2019-09-21T06:53:35+00:00"
        },
        {
            "name": "yiisoft/yii",
            "version": "1.1.21",
            "source": {
                "type": "git",
                "url": "https://github.com/yiisoft/yii.git",
                "reference": "733ac5856b0b72228346b5a6af10b0b9df18ad6c"
            },
            "dist": {
                "type": "zip",
                "url": "https://api.github.com/repos/yiisoft/yii/zipball/733ac5856b0b72228346b5a6af10b0b9df18ad6c",
                "reference": "733ac5856b0b72228346b5a6af10b0b9df18ad6c",
                "shasum": ""
            },
            "require": {
                "php": ">=5.1.0"
            },
            "require-dev": {
                "phing/phing": "2.*",
                "phpseclib/mcrypt_compat": "^1.0",
                "phpunit/phpunit": "~4.8.34",
                "phpunit/phpunit-selenium": "~1.4.0"
            },
            "suggest": {
                "ext-mcrypt": "Required by encrypt and decrypt methods of CSecurityManager",
                "phpseclib/mcrypt_compat": "To provide mcrypt polyfill when extension is unavailable"
            },
            "bin": [
                "framework/yiic"
            ],
            "type": "library",
            "autoload": {
                "classmap": [
                    "framework/YiiBase.php",
                    "framework/yii.php"
                ]
            },
            "notification-url": "https://packagist.org/downloads/",
            "license": [
                "BSD-3-Clause"
            ],
            "authors": [
                {
                    "name": "Qiang Xue",
                    "email": "qiang.xue@gmail.com",
                    "homepage": "http://www.yiiframework.com/",
                    "role": "Founder and project lead"
                },
                {
                    "name": "Alexander Makarov",
                    "email": "sam@rmcreative.ru",
                    "homepage": "http://rmcreative.ru/",
                    "role": "Core framework development"
                },
                {
                    "name": "Maurizio Domba",
                    "homepage": "http://mdomba.info/",
                    "role": "Core framework development"
                },
                {
                    "name": "Carsten Brandt",
                    "email": "mail@cebe.cc",
                    "homepage": "http://cebe.cc/",
                    "role": "Core framework development"
                },
                {
                    "name": "Wei Zhuo",
                    "email": "weizhuo@gmail.com",
                    "role": "Project site maintenance and development"
                },
                {
                    "name": "Sebastián Thierer",
                    "email": "sebas@artfos.com",
                    "role": "Component development"
                },
                {
                    "name": "Jeffrey Winesett",
                    "email": "jefftulsa@gmail.com",
                    "role": "Documentation and marketing"
                },
                {
                    "name": "Timur Ruziev",
                    "email": "resurtm@gmail.com",
                    "homepage": "http://resurtm.com/",
                    "role": "Core framework development"
                },
                {
                    "name": "Paul Klimov",
                    "email": "klimov.paul@gmail.com",
                    "role": "Core framework development"
                }
            ],
            "description": "Yii Web Programming Framework",
            "homepage": "http://www.yiiframework.com/",
            "keywords": [
                "framework",
                "yii"
            ],
            "time": "2019-04-02T07:32:41+00:00"
        }
    ],
    "packages-dev": [],
    "aliases": [],
    "minimum-stability": "stable",
    "stability-flags": {
        "tlklan/yii-bootstrap": 20,
        "tlklan/yii-cms": 20,
        "tlklan/yii-img": 20,
        "tlklan/yii-less": 20
    },
    "prefer-stable": false,
    "prefer-lowest": false,
    "platform": [],
    "platform-dev": []
}
